// !$*UTF8*$!
{
	archiveVersion = 1;
	classes = {
	};
	objectVersion = 56;
	objects = {

/* Begin PBXBuildFile section */
		5D0DDEE42C4573A800E6374E /* CommandLineSwiftUIApp.swift in Sources */ = {isa = PBXBuildFile; fileRef = 5D0DDEE32C4573A800E6374E /* CommandLineSwiftUIApp.swift */; };
		5D0DDEE62C4573A800E6374E /* ContentView.swift in Sources */ = {isa = PBXBuildFile; fileRef = 5D0DDEE52C4573A800E6374E /* ContentView.swift */; };
		5D0DDEE82C4573A900E6374E /* Assets.xcassets in Resources */ = {isa = PBXBuildFile; fileRef = 5D0DDEE72C4573A900E6374E /* Assets.xcassets */; };
		5D0DDEF32C4573C200E6374E /* MAIN.swift in Sources */ = {isa = PBXBuildFile; fileRef = 5D0DDEF22C4573C200E6374E /* MAIN.swift */; };
		5D0DDEF52C45748300E6374E /* CommandLineManager.swift in Sources */ = {isa = PBXBuildFile; fileRef = 5D0DDEF42C45748300E6374E /* CommandLineManager.swift */; };
		5D0DDEF72C4574AD00E6374E /* Line.swift in Sources */ = {isa = PBXBuildFile; fileRef = 5D0DDEF62C4574AD00E6374E /* Line.swift */; };
		5D9EEA1B2C4EAEFD007C8A7F /* Key.swift in Sources */ = {isa = PBXBuildFile; fileRef = 5D9EEA1A2C4EAEFD007C8A7F /* Key.swift */; };
		5D9EEA222C4EFC2D007C8A7F /* Node.swift in Sources */ = {isa = PBXBuildFile; fileRef = 5D9EEA1F2C4EFC2D007C8A7F /* Node.swift */; };
		5D9EEA232C4EFC2D007C8A7F /* Direction.swift in Sources */ = {isa = PBXBuildFile; fileRef = 5D9EEA202C4EFC2D007C8A7F /* Direction.swift */; };
		5D9EEA242C4EFC2D007C8A7F /* Game.swift in Sources */ = {isa = PBXBuildFile; fileRef = 5D9EEA212C4EFC2D007C8A7F /* Game.swift */; };
/* End PBXBuildFile section */

/* Begin PBXFileReference section */
		5D0DDEE02C4573A800E6374E /* CommandLineSwiftUI.app */ = {isa = PBXFileReference; explicitFileType = wrapper.application; includeInIndex = 0; path = CommandLineSwiftUI.app; sourceTree = BUILT_PRODUCTS_DIR; };
		5D0DDEE32C4573A800E6374E /* CommandLineSwiftUIApp.swift */ = {isa = PBXFileReference; lastKnownFileType = sourcecode.swift; path = CommandLineSwiftUIApp.swift; sourceTree = "<group>"; };
		5D0DDEE52C4573A800E6374E /* ContentView.swift */ = {isa = PBXFileReference; lastKnownFileType = sourcecode.swift; path = ContentView.swift; sourceTree = "<group>"; };
		5D0DDEE72C4573A900E6374E /* Assets.xcassets */ = {isa = PBXFileReference; lastKnownFileType = folder.assetcatalog; path = Assets.xcassets; sourceTree = "<group>"; };
		5D0DDEEC2C4573A900E6374E /* CommandLineSwiftUI.entitlements */ = {isa = PBXFileReference; lastKnownFileType = text.plist.entitlements; path = CommandLineSwiftUI.entitlements; sourceTree = "<group>"; };
		5D0DDEF22C4573C200E6374E /* MAIN.swift */ = {isa = PBXFileReference; lastKnownFileType = sourcecode.swift; path = MAIN.swift; sourceTree = "<group>"; };
		5D0DDEF42C45748300E6374E /* CommandLineManager.swift */ = {isa = PBXFileReference; lastKnownFileType = sourcecode.swift; path = CommandLineManager.swift; sourceTree = "<group>"; };
		5D0DDEF62C4574AD00E6374E /* Line.swift */ = {isa = PBXFileReference; lastKnownFileType = sourcecode.swift; path = Line.swift; sourceTree = "<group>"; };
		5D9EEA1A2C4EAEFD007C8A7F /* Key.swift */ = {isa = PBXFileReference; lastKnownFileType = sourcecode.swift; path = Key.swift; sourceTree = "<group>"; };
		5D9EEA1F2C4EFC2D007C8A7F /* Node.swift */ = {isa = PBXFileReference; fileEncoding = 4; lastKnownFileType = sourcecode.swift; path = Node.swift; sourceTree = "<group>"; };
		5D9EEA202C4EFC2D007C8A7F /* Direction.swift */ = {isa = PBXFileReference; fileEncoding = 4; lastKnownFileType = sourcecode.swift; path = Direction.swift; sourceTree = "<group>"; };
		5D9EEA212C4EFC2D007C8A7F /* Game.swift */ = {isa = PBXFileReference; fileEncoding = 4; lastKnownFileType = sourcecode.swift; path = Game.swift; sourceTree = "<group>"; };
/* End PBXFileReference section */

/* Begin PBXFrameworksBuildPhase section */
		5D0DDEDD2C4573A800E6374E /* Frameworks */ = {
			isa = PBXFrameworksBuildPhase;
			buildActionMask = 2147483647;
			files = (
			);
			runOnlyForDeploymentPostprocessing = 0;
		};
/* End PBXFrameworksBuildPhase section */

/* Begin PBXGroup section */
		5D0DDED72C4573A700E6374E = {
			isa = PBXGroup;
			children = (
				5D0DDEF22C4573C200E6374E /* MAIN.swift */,
				5D9EEA212C4EFC2D007C8A7F /* Game.swift */,
				5D9EEA1F2C4EFC2D007C8A7F /* Node.swift */,
				5D9EEA202C4EFC2D007C8A7F /* Direction.swift */,
				5D0DDEE22C4573A800E6374E /* CommandLineSwiftUI */,
				5D0DDEE12C4573A800E6374E /* Products */,
			);
			sourceTree = "<group>";
		};
		5D0DDEE12C4573A800E6374E /* Products */ = {
			isa = PBXGroup;
			children = (
				5D0DDEE02C4573A800E6374E /* CommandLineSwiftUI.app */,
			);
			name = Products;
			sourceTree = "<group>";
		};
		5D0DDEE22C4573A800E6374E /* CommandLineSwiftUI */ = {
			isa = PBXGroup;
			children = (
				5D0DDEE32C4573A800E6374E /* CommandLineSwiftUIApp.swift */,
				5D0DDEE52C4573A800E6374E /* ContentView.swift */,
				5D0DDEF42C45748300E6374E /* CommandLineManager.swift */,
				5D0DDEF62C4574AD00E6374E /* Line.swift */,
				5D9EEA1A2C4EAEFD007C8A7F /* Key.swift */,
				5D0DDEE72C4573A900E6374E /* Assets.xcassets */,
				5D0DDEEC2C4573A900E6374E /* CommandLineSwiftUI.entitlements */,
			);
			path = CommandLineSwiftUI;
			sourceTree = "<group>";
		};
/* End PBXGroup section */

/* Begin PBXNativeTarget section */
		5D0DDEDF2C4573A800E6374E /* CommandLineSwiftUI */ = {
			isa = PBXNativeTarget;
			buildConfigurationList = 5D0DDEEF2C4573A900E6374E /* Build configuration list for PBXNativeTarget "CommandLineSwiftUI" */;
			buildPhases = (
				5D0DDEDC2C4573A800E6374E /* Sources */,
				5D0DDEDD2C4573A800E6374E /* Frameworks */,
				5D0DDEDE2C4573A800E6374E /* Resources */,
			);
			buildRules = (
			);
			dependencies = (
			);
			name = CommandLineSwiftUI;
			productName = CommandLineSwiftUI;
			productReference = 5D0DDEE02C4573A800E6374E /* CommandLineSwiftUI.app */;
			productType = "com.apple.product-type.application";
		};
/* End PBXNativeTarget section */

/* Begin PBXProject section */
		5D0DDED82C4573A700E6374E /* Project object */ = {
			isa = PBXProject;
			attributes = {
				BuildIndependentTargetsInParallel = 1;
				LastSwiftUpdateCheck = 1540;
				LastUpgradeCheck = 1540;
				TargetAttributes = {
					5D0DDEDF2C4573A800E6374E = {
						CreatedOnToolsVersion = 15.4;
					};
				};
			};
			buildConfigurationList = 5D0DDEDB2C4573A700E6374E /* Build configuration list for PBXProject "CommandLineSwiftUI" */;
			compatibilityVersion = "Xcode 14.0";
			developmentRegion = en;
			hasScannedForEncodings = 0;
			knownRegions = (
				en,
				Base,
			);
			mainGroup = 5D0DDED72C4573A700E6374E;
			productRefGroup = 5D0DDEE12C4573A800E6374E /* Products */;
			projectDirPath = "";
			projectRoot = "";
			targets = (
				5D0DDEDF2C4573A800E6374E /* CommandLineSwiftUI */,
			);
		};
/* End PBXProject section */

/* Begin PBXResourcesBuildPhase section */
		5D0DDEDE2C4573A800E6374E /* Resources */ = {
			isa = PBXResourcesBuildPhase;
			buildActionMask = 2147483647;
			files = (
				5D0DDEE82C4573A900E6374E /* Assets.xcassets in Resources */,
			);
			runOnlyForDeploymentPostprocessing = 0;
		};
/* End PBXResourcesBuildPhase section */

/* Begin PBXSourcesBuildPhase section */
		5D0DDEDC2C4573A800E6374E /* Sources */ = {
			isa = PBXSourcesBuildPhase;
			buildActionMask = 2147483647;
			files = (
				5D0DDEE62C4573A800E6374E /* ContentView.swift in Sources */,
				5D9EEA242C4EFC2D007C8A7F /* Game.swift in Sources */,
				5D0DDEF52C45748300E6374E /* CommandLineManager.swift in Sources */,
				5D0DDEE42C4573A800E6374E /* CommandLineSwiftUIApp.swift in Sources */,
				5D9EEA232C4EFC2D007C8A7F /* Direction.swift in Sources */,
				5D0DDEF32C4573C200E6374E /* MAIN.swift in Sources */,
				5D0DDEF72C4574AD00E6374E /* Line.swift in Sources */,
				5D9EEA1B2C4EAEFD007C8A7F /* Key.swift in Sources */,
				5D9EEA222C4EFC2D007C8A7F /* Node.swift in Sources */,
			);
			runOnlyForDeploymentPostprocessing = 0;
		};
/* End PBXSourcesBuildPhase section */

/* Begin XCBuildConfiguration section */
		5D0DDEED2C4573A900E6374E /* Debug */ = {
			isa = XCBuildConfiguration;
			buildSettings = {
				ALWAYS_SEARCH_USER_PATHS = NO;
				ASSETCATALOG_COMPILER_GENERATE_SWIFT_ASSET_SYMBOL_EXTENSIONS = YES;
				CLANG_ANALYZER_NONNULL = YES;
				CLANG_ANALYZER_NUMBER_OBJECT_CONVERSION = YES_AGGRESSIVE;
				CLANG_CXX_LANGUAGE_STANDARD = "gnu++20";
				CLANG_ENABLE_MODULES = YES;
				CLANG_ENABLE_OBJC_ARC = YES;
				CLANG_ENABLE_OBJC_WEAK = YES;
				CLANG_WARN_BLOCK_CAPTURE_AUTORELEASING = YES;
				CLANG_WARN_BOOL_CONVERSION = YES;
				CLANG_WARN_COMMA = YES;
				CLANG_WARN_CONSTANT_CONVERSION = YES;
				CLANG_WARN_DEPRECATED_OBJC_IMPLEMENTATIONS = YES;
				CLANG_WARN_DIRECT_OBJC_ISA_USAGE = YES_ERROR;
				CLANG_WARN_DOCUMENTATION_COMMENTS = YES;
				CLANG_WARN_EMPTY_BODY = YES;
				CLANG_WARN_ENUM_CONVERSION = YES;
				CLANG_WARN_INFINITE_RECURSION = YES;
				CLANG_WARN_INT_CONVERSION = YES;
				CLANG_WARN_NON_LITERAL_NULL_CONVERSION = YES;
				CLANG_WARN_OBJC_IMPLICIT_RETAIN_SELF = YES;
				CLANG_WARN_OBJC_LITERAL_CONVERSION = YES;
				CLANG_WARN_OBJC_ROOT_CLASS = YES_ERROR;
				CLANG_WARN_QUOTED_INCLUDE_IN_FRAMEWORK_HEADER = YES;
				CLANG_WARN_RANGE_LOOP_ANALYSIS = YES;
				CLANG_WARN_STRICT_PROTOTYPES = YES;
				CLANG_WARN_SUSPICIOUS_MOVE = YES;
				CLANG_WARN_UNGUARDED_AVAILABILITY = YES_AGGRESSIVE;
				CLANG_WARN_UNREACHABLE_CODE = YES;
				CLANG_WARN__DUPLICATE_METHOD_MATCH = YES;
				COPY_PHASE_STRIP = NO;
				DEBUG_INFORMATION_FORMAT = dwarf;
				ENABLE_STRICT_OBJC_MSGSEND = YES;
				ENABLE_TESTABILITY = YES;
				ENABLE_USER_SCRIPT_SANDBOXING = YES;
				GCC_C_LANGUAGE_STANDARD = gnu17;
				GCC_DYNAMIC_NO_PIC = NO;
				GCC_NO_COMMON_BLOCKS = YES;
				GCC_OPTIMIZATION_LEVEL = 0;
				GCC_PREPROCESSOR_DEFINITIONS = (
					"DEBUG=1",
					"$(inherited)",
				);
				GCC_WARN_64_TO_32_BIT_CONVERSION = YES;
				GCC_WARN_ABOUT_RETURN_TYPE = YES_ERROR;
				GCC_WARN_UNDECLARED_SELECTOR = YES;
				GCC_WARN_UNINITIALIZED_AUTOS = YES_AGGRESSIVE;
				GCC_WARN_UNUSED_FUNCTION = YES;
				GCC_WARN_UNUSED_VARIABLE = YES;
				LOCALIZATION_PREFERS_STRING_CATALOGS = YES;
				MACOSX_DEPLOYMENT_TARGET = 14.5;
				MTL_ENABLE_DEBUG_INFO = INCLUDE_SOURCE;
				MTL_FAST_MATH = YES;
				ONLY_ACTIVE_ARCH = YES;
				SDKROOT = macosx;
				SWIFT_ACTIVE_COMPILATION_CONDITIONS = "DEBUG $(inherited)";
				SWIFT_OPTIMIZATION_LEVEL = "-Onone";
			};
			name = Debug;
		};
		5D0DDEEE2C4573A900E6374E /* Release */ = {
			isa = XCBuildConfiguration;
			buildSettings = {
				ALWAYS_SEARCH_USER_PATHS = NO;
				ASSETCATALOG_COMPILER_GENERATE_SWIFT_ASSET_SYMBOL_EXTENSIONS = YES;
				CLANG_ANALYZER_NONNULL = YES;
				CLANG_ANALYZER_NUMBER_OBJECT_CONVERSION = YES_AGGRESSIVE;
				CLANG_CXX_LANGUAGE_STANDARD = "gnu++20";
				CLANG_ENABLE_MODULES = YES;
				CLANG_ENABLE_OBJC_ARC = YES;
				CLANG_ENABLE_OBJC_WEAK = YES;
				CLANG_WARN_BLOCK_CAPTURE_AUTORELEASING = YES;
				CLANG_WARN_BOOL_CONVERSION = YES;
				CLANG_WARN_COMMA = YES;
				CLANG_WARN_CONSTANT_CONVERSION = YES;
				CLANG_WARN_DEPRECATED_OBJC_IMPLEMENTATIONS = YES;
				CLANG_WARN_DIRECT_OBJC_ISA_USAGE = YES_ERROR;
				CLANG_WARN_DOCUMENTATION_COMMENTS = YES;
				CLANG_WARN_EMPTY_BODY = YES;
				CLANG_WARN_ENUM_CONVERSION = YES;
				CLANG_WARN_INFINITE_RECURSION = YES;
				CLANG_WARN_INT_CONVERSION = YES;
				CLANG_WARN_NON_LITERAL_NULL_CONVERSION = YES;
				CLANG_WARN_OBJC_IMPLICIT_RETAIN_SELF = YES;
				CLANG_WARN_OBJC_LITERAL_CONVERSION = YES;
				CLANG_WARN_OBJC_ROOT_CLASS = YES_ERROR;
				CLANG_WARN_QUOTED_INCLUDE_IN_FRAMEWORK_HEADER = YES;
				CLANG_WARN_RANGE_LOOP_ANALYSIS = YES;
				CLANG_WARN_STRICT_PROTOTYPES = YES;
				CLANG_WARN_SUSPICIOUS_MOVE = YES;
				CLANG_WARN_UNGUARDED_AVAILABILITY = YES_AGGRESSIVE;
				CLANG_WARN_UNREACHABLE_CODE = YES;
				CLANG_WARN__DUPLICATE_METHOD_MATCH = YES;
				COPY_PHASE_STRIP = NO;
				DEBUG_INFORMATION_FORMAT = "dwarf-with-dsym";
				ENABLE_NS_ASSERTIONS = NO;
				ENABLE_STRICT_OBJC_MSGSEND = YES;
				ENABLE_USER_SCRIPT_SANDBOXING = YES;
				GCC_C_LANGUAGE_STANDARD = gnu17;
				GCC_NO_COMMON_BLOCKS = YES;
				GCC_WARN_64_TO_32_BIT_CONVERSION = YES;
				GCC_WARN_ABOUT_RETURN_TYPE = YES_ERROR;
				GCC_WARN_UNDECLARED_SELECTOR = YES;
				GCC_WARN_UNINITIALIZED_AUTOS = YES_AGGRESSIVE;
				GCC_WARN_UNUSED_FUNCTION = YES;
				GCC_WARN_UNUSED_VARIABLE = YES;
				LOCALIZATION_PREFERS_STRING_CATALOGS = YES;
				MACOSX_DEPLOYMENT_TARGET = 14.5;
				MTL_ENABLE_DEBUG_INFO = NO;
				MTL_FAST_MATH = YES;
				SDKROOT = macosx;
				SWIFT_COMPILATION_MODE = wholemodule;
			};
			name = Release;
		};
		5D0DDEF02C4573A900E6374E /* Debug */ = {
			isa = XCBuildConfiguration;
			buildSettings = {
				ASSETCATALOG_COMPILER_APPICON_NAME = AppIcon;
				ASSETCATALOG_COMPILER_GLOBAL_ACCENT_COLOR_NAME = AccentColor;
				CODE_SIGN_ENTITLEMENTS = CommandLineSwiftUI/CommandLineSwiftUI.entitlements;
				CODE_SIGN_STYLE = Automatic;
				COMBINE_HIDPI_IMAGES = YES;
				CURRENT_PROJECT_VERSION = 1;
				DEVELOPMENT_TEAM = 94AXJS8DQZ;
				ENABLE_HARDENED_RUNTIME = YES;
				ENABLE_PREVIEWS = YES;
				GENERATE_INFOPLIST_FILE = YES;
				INFOPLIST_KEY_LSApplicationCategoryType = "public.app-category.arcade-games";
				INFOPLIST_KEY_NSHumanReadableCopyright = "";
				LD_RUNPATH_SEARCH_PATHS = (
					"$(inherited)",
					"@executable_path/../Frameworks",
				);
				MARKETING_VERSION = 1.0;
				PRODUCT_BUNDLE_IDENTIFIER = com.zcutlerf.CommandLineSwiftUISnake;
				PRODUCT_NAME = "$(TARGET_NAME)";
				SWIFT_EMIT_LOC_STRINGS = YES;
				SWIFT_VERSION = 5.0;
			};
			name = Debug;
		};
		5D0DDEF12C4573A900E6374E /* Release */ = {
			isa = XCBuildConfiguration;
			buildSettings = {
				ASSETCATALOG_COMPILER_APPICON_NAME = AppIcon;
				ASSETCATALOG_COMPILER_GLOBAL_ACCENT_COLOR_NAME = AccentColor;
				CODE_SIGN_ENTITLEMENTS = CommandLineSwiftUI/CommandLineSwiftUI.entitlements;
				CODE_SIGN_STYLE = Automatic;
				COMBINE_HIDPI_IMAGES = YES;
				CURRENT_PROJECT_VERSION = 1;
				DEVELOPMENT_TEAM = 94AXJS8DQZ;
				ENABLE_HARDENED_RUNTIME = YES;
				ENABLE_PREVIEWS = YES;
				GENERATE_INFOPLIST_FILE = YES;
				INFOPLIST_KEY_LSApplicationCategoryType = "public.app-category.arcade-games";
				INFOPLIST_KEY_NSHumanReadableCopyright = "";
				LD_RUNPATH_SEARCH_PATHS = (
					"$(inherited)",
					"@executable_path/../Frameworks",
				);
				MARKETING_VERSION = 1.0;
				PRODUCT_BUNDLE_IDENTIFIER = com.zcutlerf.CommandLineSwiftUISnake;
				PRODUCT_NAME = "$(TARGET_NAME)";
				SWIFT_EMIT_LOC_STRINGS = YES;
				SWIFT_VERSION = 5.0;
			};
			name = Release;
		};
/* End XCBuildConfiguration section */

/* Begin XCConfigurationList section */
		5D0DDEDB2C4573A700E6374E /* Build configuration list for PBXProject "CommandLineSwiftUI" */ = {
			isa = XCConfigurationList;
			buildConfigurations = (
				5D0DDEED2C4573A900E6374E /* Debug */,
				5D0DDEEE2C4573A900E6374E /* Release */,
			);
			defaultConfigurationIsVisible = 0;
			defaultConfigurationName = Release;
		};
		5D0DDEEF2C4573A900E6374E /* Build configuration list for PBXNativeTarget "CommandLineSwiftUI" */ = {
			isa = XCConfigurationList;
			buildConfigurations = (
				5D0DDEF02C4573A900E6374E /* Debug */,
				5D0DDEF12C4573A900E6374E /* Release */,
			);
			defaultConfigurationIsVisible = 0;
			defaultConfigurationName = Release;
		};
/* End XCConfigurationList section */
	};
	rootObject = 5D0DDED82C4573A700E6374E /* Project object */;
}
